
Microsoft Visual Studio Solution File, Format Version 12.00
# Visual Studio 2017
Project("{FAE04EC0-301F-11D3-BF4B-00C04F79EFBC}") = "東京アポカリプス", "東京アポカリプス.csproj", "{450C78E5-3A93-F2DA-3F4B-65D21A180859}"
EndProject
Project("{FAE04EC0-301F-11D3-BF4B-00C04F79EFBC}") = "東京アポカリプス.Editor", "東京アポカリプス.Editor.csproj", "{638F79A0-E449-E7B9-23F2-EFA233A09A58}"
EndProject
Global
	GlobalSection(SolutionConfigurationPlatforms) = preSolution
		Debug|Any CPU = Debug|Any CPU
		Release|Any CPU = Release|Any CPU
	EndGlobalSection
	GlobalSection(ProjectConfigurationPlatforms) = postSolution
		{450C78E5-3A93-F2DA-3F4B-65D21A180859}.Debug|Any CPU.ActiveCfg = Debug|Any CPU
		{450C78E5-3A93-F2DA-3F4B-65D21A180859}.Debug|Any CPU.Build.0 = Debug|Any CPU
		{450C78E5-3A93-F2DA-3F4B-65D21A180859}.Release|Any CPU.ActiveCfg = Release|Any CPU
		{450C78E5-3A93-F2DA-3F4B-65D21A180859}.Release|Any CPU.Build.0 = Release|Any CPU
		{638F79A0-E449-E7B9-23F2-EFA233A09A58}.Debug|Any CPU.ActiveCfg = Debug|Any CPU
		{638F79A0-E449-E7B9-23F2-EFA233A09A58}.Debug|Any CPU.Build.0 = Debug|Any CPU
		{638F79A0-E449-E7B9-23F2-EFA233A09A58}.Release|Any CPU.ActiveCfg = Release|Any CPU
		{638F79A0-E449-E7B9-23F2-EFA233A09A58}.Release|Any CPU.Build.0 = Release|Any CPU
	EndGlobalSection
	GlobalSection(SolutionProperties) = preSolution
		HideSolutionNode = FALSE
	EndGlobalSection
EndGlobal
